<Solution>
  <Project Path="Core/Core.csproj" />
  <Project Path="DatabaseService/Api/DatabaseService.Api.csproj" />
  <Project Path="DatabaseService/Dal/DatabaseService.Dal.csproj" />
  <Project Path="DatabaseService/Logic/DatabaseService.Logic.csproj" />
  <Project Path="docker-compose.dcproj">
    <Build />
  </Project>
  <Project Path="GatewayServiceApi/GatewayServiceApi.csproj" />
  <Project Path="Libs/DatabaseConnectionLib/DatabaseConnectionLib.csproj" />
  <Project Path="Libs/MessageQueueConnectionLib/MessageQueueConnectionLib.csproj" />
  <Project Path="Libs/MonitoringConnectionLib/MonitoringConnectionLib.csproj" />
  <Project Path="Notification/EmailNotificationApi/EmailNotificationApi.csproj" />
  <Project Path="Notification/MessangerNotificationApi/MessangerNotificationApi.csproj" />
  <Project Path="Notification/PushNotificationApi/PushNotificationApi.csproj" />
  <Project Path="Notification/SMSNotificationApi/SMSNotificationApi.csproj" />
</Solution>
