<Solution>
  <Project Path="Core/MessageQueueConnectionLib/MessageQueueConnectionLib.csproj" />
  <Project Path="GatewayServiceApi/Api/GatewayServiceApi.csproj" />
  <Project Path="Notification/EmailNotificationApi/Api/EmailNotificationApi.csproj" />
  <Project Path="Notification/MessangerNotificationApi/Api/MessangerNotificationApi.csproj" />
  <Project Path="Notification/PushNotificationApi/Api/PushNotificationApi.csproj" />
  <Project Path="Notification/SMSNotificationApi/Api/SMSNotificationApi.csproj" />
</Solution>
