
Microsoft Visual Studio Solution File, Format Version 12.00
# Visual Studio Version 17
VisualStudioVersion = 17.10.34928.147
MinimumVisualStudioVersion = 10.0.40219.1
Project("{9A19103F-16F7-4668-BE54-9A1E7A4F7556}") = "Api", "Api\Api.csproj", "{7CEDFB21-D77C-4909-8975-4342EA6AD20B}"
EndProject
Project("{9A19103F-16F7-4668-BE54-9A1E7A4F7556}") = "Dal", "Dal\Dal.csproj", "{26F8E85E-4B30-4889-8005-71B0EDD912B9}"
EndProject
Project("{9A19103F-16F7-4668-BE54-9A1E7A4F7556}") = "Logic", "Logic\Logic.csproj", "{027E5A4E-6C5F-4990-B6A3-1546F85EE931}"
EndProject
Project("{9A19103F-16F7-4668-BE54-9A1E7A4F7556}") = "Core", "..\Core\Core.csproj", "{20812C97-FD45-4D90-BD79-15D3D1CF2492}"
EndProject
Project("{FAE04EC0-301F-11D3-BF4B-00C04F79EFBC}") = "DatabaseConnectionLib", "..\Libs\DatabaseConnectionLib\DatabaseConnectionLib.csproj", "{AEE40F73-5AA2-4E79-89E5-19285B8BEB01}"
EndProject
Global
	GlobalSection(SolutionConfigurationPlatforms) = preSolution
		Debug|Any CPU = Debug|Any CPU
		Release|Any CPU = Release|Any CPU
	EndGlobalSection
	GlobalSection(ProjectConfigurationPlatforms) = postSolution
		{7CEDFB21-D77C-4909-8975-4342EA6AD20B}.Debug|Any CPU.ActiveCfg = Debug|Any CPU
		{7CEDFB21-D77C-4909-8975-4342EA6AD20B}.Debug|Any CPU.Build.0 = Debug|Any CPU
		{7CEDFB21-D77C-4909-8975-4342EA6AD20B}.Release|Any CPU.ActiveCfg = Release|Any CPU
		{7CEDFB21-D77C-4909-8975-4342EA6AD20B}.Release|Any CPU.Build.0 = Release|Any CPU
		{26F8E85E-4B30-4889-8005-71B0EDD912B9}.Debug|Any CPU.ActiveCfg = Debug|Any CPU
		{26F8E85E-4B30-4889-8005-71B0EDD912B9}.Debug|Any CPU.Build.0 = Debug|Any CPU
		{26F8E85E-4B30-4889-8005-71B0EDD912B9}.Release|Any CPU.ActiveCfg = Release|Any CPU
		{26F8E85E-4B30-4889-8005-71B0EDD912B9}.Release|Any CPU.Build.0 = Release|Any CPU
		{027E5A4E-6C5F-4990-B6A3-1546F85EE931}.Debug|Any CPU.ActiveCfg = Debug|Any CPU
		{027E5A4E-6C5F-4990-B6A3-1546F85EE931}.Debug|Any CPU.Build.0 = Debug|Any CPU
		{027E5A4E-6C5F-4990-B6A3-1546F85EE931}.Release|Any CPU.ActiveCfg = Release|Any CPU
		{027E5A4E-6C5F-4990-B6A3-1546F85EE931}.Release|Any CPU.Build.0 = Release|Any CPU
		{20812C97-FD45-4D90-BD79-15D3D1CF2492}.Debug|Any CPU.ActiveCfg = Debug|Any CPU
		{20812C97-FD45-4D90-BD79-15D3D1CF2492}.Debug|Any CPU.Build.0 = Debug|Any CPU
		{20812C97-FD45-4D90-BD79-15D3D1CF2492}.Release|Any CPU.ActiveCfg = Release|Any CPU
		{20812C97-FD45-4D90-BD79-15D3D1CF2492}.Release|Any CPU.Build.0 = Release|Any CPU
		{AEE40F73-5AA2-4E79-89E5-19285B8BEB01}.Debug|Any CPU.ActiveCfg = Debug|Any CPU
		{AEE40F73-5AA2-4E79-89E5-19285B8BEB01}.Debug|Any CPU.Build.0 = Debug|Any CPU
		{AEE40F73-5AA2-4E79-89E5-19285B8BEB01}.Release|Any CPU.ActiveCfg = Release|Any CPU
		{AEE40F73-5AA2-4E79-89E5-19285B8BEB01}.Release|Any CPU.Build.0 = Release|Any CPU
	EndGlobalSection
	GlobalSection(SolutionProperties) = preSolution
		HideSolutionNode = FALSE
	EndGlobalSection
	GlobalSection(ExtensibilityGlobals) = postSolution
		SolutionGuid = {21A901DA-E2C9-41BC-AD43-5A58BB7B9722}
	EndGlobalSection
EndGlobal
